// !$*UTF8*$!
{
	archiveVersion = 1;
	classes = {
	};
	objectVersion = 50;
	objects = {

/* Begin PBXBuildFile section */
		205509D025A8AC5600068CF4 /* Tests_iOS.swift in Sources */ = {isa = PBXBuildFile; fileRef = 205509CF25A8AC5600068CF4 /* Tests_iOS.swift */; };
		205509DB25A8AC5600068CF4 /* Tests_macOS.swift in Sources */ = {isa = PBXBuildFile; fileRef = 205509DA25A8AC5600068CF4 /* Tests_macOS.swift */; };
		205509DD25A8AC5600068CF4 /* DanDanPlayApp.swift in Sources */ = {isa = PBXBuildFile; fileRef = 205509B425A8AC5400068CF4 /* DanDanPlayApp.swift */; };
		205509DE25A8AC5600068CF4 /* DanDanPlayApp.swift in Sources */ = {isa = PBXBuildFile; fileRef = 205509B425A8AC5400068CF4 /* DanDanPlayApp.swift */; };
		205509DF25A8AC5600068CF4 /* ContentView.swift in Sources */ = {isa = PBXBuildFile; fileRef = 205509B525A8AC5400068CF4 /* ContentView.swift */; };
		205509E025A8AC5600068CF4 /* ContentView.swift in Sources */ = {isa = PBXBuildFile; fileRef = 205509B525A8AC5400068CF4 /* ContentView.swift */; };
		205509E125A8AC5600068CF4 /* Assets.xcassets in Resources */ = {isa = PBXBuildFile; fileRef = 205509B625A8AC5600068CF4 /* Assets.xcassets */; };
		205509E225A8AC5600068CF4 /* Assets.xcassets in Resources */ = {isa = PBXBuildFile; fileRef = 205509B625A8AC5600068CF4 /* Assets.xcassets */; };
/* End PBXBuildFile section */

/* Begin PBXContainerItemProxy section */
		205509CC25A8AC5600068CF4 /* PBXContainerItemProxy */ = {
			isa = PBXContainerItemProxy;
			containerPortal = 205509AF25A8AC5400068CF4 /* Project object */;
			proxyType = 1;
			remoteGlobalIDString = 205509BA25A8AC5600068CF4;
			remoteInfo = "DanDanPlay (iOS)";
		};
		205509D725A8AC5600068CF4 /* PBXContainerItemProxy */ = {
			isa = PBXContainerItemProxy;
			containerPortal = 205509AF25A8AC5400068CF4 /* Project object */;
			proxyType = 1;
			remoteGlobalIDString = 205509C225A8AC5600068CF4;
			remoteInfo = "DanDanPlay (macOS)";
		};
/* End PBXContainerItemProxy section */

/* Begin PBXFileReference section */
		205509B425A8AC5400068CF4 /* DanDanPlayApp.swift */ = {isa = PBXFileReference; lastKnownFileType = sourcecode.swift; path = DanDanPlayApp.swift; sourceTree = "<group>"; };
		205509B525A8AC5400068CF4 /* ContentView.swift */ = {isa = PBXFileReference; lastKnownFileType = sourcecode.swift; path = ContentView.swift; sourceTree = "<group>"; };
		205509B625A8AC5600068CF4 /* Assets.xcassets */ = {isa = PBXFileReference; lastKnownFileType = folder.assetcatalog; path = Assets.xcassets; sourceTree = "<group>"; };
		205509BB25A8AC5600068CF4 /* DanDanPlay.app */ = {isa = PBXFileReference; explicitFileType = wrapper.application; includeInIndex = 0; path = DanDanPlay.app; sourceTree = BUILT_PRODUCTS_DIR; };
		205509BE25A8AC5600068CF4 /* Info.plist */ = {isa = PBXFileReference; lastKnownFileType = text.plist.xml; path = Info.plist; sourceTree = "<group>"; };
		205509C325A8AC5600068CF4 /* DanDanPlay.app */ = {isa = PBXFileReference; explicitFileType = wrapper.application; includeInIndex = 0; path = DanDanPlay.app; sourceTree = BUILT_PRODUCTS_DIR; };
		205509C525A8AC5600068CF4 /* Info.plist */ = {isa = PBXFileReference; lastKnownFileType = text.plist.xml; path = Info.plist; sourceTree = "<group>"; };
		205509C625A8AC5600068CF4 /* macOS.entitlements */ = {isa = PBXFileReference; lastKnownFileType = text.plist.entitlements; path = macOS.entitlements; sourceTree = "<group>"; };
		205509CB25A8AC5600068CF4 /* Tests iOS.xctest */ = {isa = PBXFileReference; explicitFileType = wrapper.cfbundle; includeInIndex = 0; path = "Tests iOS.xctest"; sourceTree = BUILT_PRODUCTS_DIR; };
		205509CF25A8AC5600068CF4 /* Tests_iOS.swift */ = {isa = PBXFileReference; lastKnownFileType = sourcecode.swift; path = Tests_iOS.swift; sourceTree = "<group>"; };
		205509D125A8AC5600068CF4 /* Info.plist */ = {isa = PBXFileReference; lastKnownFileType = text.plist.xml; path = Info.plist; sourceTree = "<group>"; };
		205509D625A8AC5600068CF4 /* Tests macOS.xctest */ = {isa = PBXFileReference; explicitFileType = wrapper.cfbundle; includeInIndex = 0; path = "Tests macOS.xctest"; sourceTree = BUILT_PRODUCTS_DIR; };
		205509DA25A8AC5600068CF4 /* Tests_macOS.swift */ = {isa = PBXFileReference; lastKnownFileType = sourcecode.swift; path = Tests_macOS.swift; sourceTree = "<group>"; };
		205509DC25A8AC5600068CF4 /* Info.plist */ = {isa = PBXFileReference; lastKnownFileType = text.plist.xml; path = Info.plist; sourceTree = "<group>"; };
/* End PBXFileReference section */

/* Begin PBXFrameworksBuildPhase section */
		205509B825A8AC5600068CF4 /* Frameworks */ = {
			isa = PBXFrameworksBuildPhase;
			buildActionMask = 2147483647;
			files = (
			);
			runOnlyForDeploymentPostprocessing = 0;
		};
		205509C025A8AC5600068CF4 /* Frameworks */ = {
			isa = PBXFrameworksBuildPhase;
			buildActionMask = 2147483647;
			files = (
			);
			runOnlyForDeploymentPostprocessing = 0;
		};
		205509C825A8AC5600068CF4 /* Frameworks */ = {
			isa = PBXFrameworksBuildPhase;
			buildActionMask = 2147483647;
			files = (
			);
			runOnlyForDeploymentPostprocessing = 0;
		};
		205509D325A8AC5600068CF4 /* Frameworks */ = {
			isa = PBXFrameworksBuildPhase;
			buildActionMask = 2147483647;
			files = (
			);
			runOnlyForDeploymentPostprocessing = 0;
		};
/* End PBXFrameworksBuildPhase section */

/* Begin PBXGroup section */
		205509AE25A8AC5400068CF4 = {
			isa = PBXGroup;
			children = (
				205509B325A8AC5400068CF4 /* Shared */,
				205509BD25A8AC5600068CF4 /* iOS */,
				205509C425A8AC5600068CF4 /* macOS */,
				205509CE25A8AC5600068CF4 /* Tests iOS */,
				205509D925A8AC5600068CF4 /* Tests macOS */,
				205509BC25A8AC5600068CF4 /* Products */,
			);
			sourceTree = "<group>";
		};
		205509B325A8AC5400068CF4 /* Shared */ = {
			isa = PBXGroup;
			children = (
				205509B425A8AC5400068CF4 /* DanDanPlayApp.swift */,
				205509B525A8AC5400068CF4 /* ContentView.swift */,
				205509B625A8AC5600068CF4 /* Assets.xcassets */,
			);
			path = Shared;
			sourceTree = "<group>";
		};
		205509BC25A8AC5600068CF4 /* Products */ = {
			isa = PBXGroup;
			children = (
				205509BB25A8AC5600068CF4 /* DanDanPlay.app */,
				205509C325A8AC5600068CF4 /* DanDanPlay.app */,
				205509CB25A8AC5600068CF4 /* Tests iOS.xctest */,
				205509D625A8AC5600068CF4 /* Tests macOS.xctest */,
			);
			name = Products;
			sourceTree = "<group>";
		};
		205509BD25A8AC5600068CF4 /* iOS */ = {
			isa = PBXGroup;
			children = (
				205509BE25A8AC5600068CF4 /* Info.plist */,
			);
			path = iOS;
			sourceTree = "<group>";
		};
		205509C425A8AC5600068CF4 /* macOS */ = {
			isa = PBXGroup;
			children = (
				205509C525A8AC5600068CF4 /* Info.plist */,
				205509C625A8AC5600068CF4 /* macOS.entitlements */,
			);
			path = macOS;
			sourceTree = "<group>";
		};
		205509CE25A8AC5600068CF4 /* Tests iOS */ = {
			isa = PBXGroup;
			children = (
				205509CF25A8AC5600068CF4 /* Tests_iOS.swift */,
				205509D125A8AC5600068CF4 /* Info.plist */,
			);
			path = "Tests iOS";
			sourceTree = "<group>";
		};
		205509D925A8AC5600068CF4 /* Tests macOS */ = {
			isa = PBXGroup;
			children = (
				205509DA25A8AC5600068CF4 /* Tests_macOS.swift */,
				205509DC25A8AC5600068CF4 /* Info.plist */,
			);
			path = "Tests macOS";
			sourceTree = "<group>";
		};
/* End PBXGroup section */

/* Begin PBXNativeTarget section */
		205509BA25A8AC5600068CF4 /* DanDanPlay (iOS) */ = {
			isa = PBXNativeTarget;
			buildConfigurationList = 205509E525A8AC5600068CF4 /* Build configuration list for PBXNativeTarget "DanDanPlay (iOS)" */;
			buildPhases = (
				205509B725A8AC5600068CF4 /* Sources */,
				205509B825A8AC5600068CF4 /* Frameworks */,
				205509B925A8AC5600068CF4 /* Resources */,
			);
			buildRules = (
			);
			dependencies = (
			);
			name = "DanDanPlay (iOS)";
			productName = "DanDanPlay (iOS)";
			productReference = 205509BB25A8AC5600068CF4 /* DanDanPlay.app */;
			productType = "com.apple.product-type.application";
		};
		205509C225A8AC5600068CF4 /* DanDanPlay (macOS) */ = {
			isa = PBXNativeTarget;
			buildConfigurationList = 205509E825A8AC5600068CF4 /* Build configuration list for PBXNativeTarget "DanDanPlay (macOS)" */;
			buildPhases = (
				205509BF25A8AC5600068CF4 /* Sources */,
				205509C025A8AC5600068CF4 /* Frameworks */,
				205509C125A8AC5600068CF4 /* Resources */,
			);
			buildRules = (
			);
			dependencies = (
			);
			name = "DanDanPlay (macOS)";
			productName = "DanDanPlay (macOS)";
			productReference = 205509C325A8AC5600068CF4 /* DanDanPlay.app */;
			productType = "com.apple.product-type.application";
		};
		205509CA25A8AC5600068CF4 /* Tests iOS */ = {
			isa = PBXNativeTarget;
			buildConfigurationList = 205509EB25A8AC5600068CF4 /* Build configuration list for PBXNativeTarget "Tests iOS" */;
			buildPhases = (
				205509C725A8AC5600068CF4 /* Sources */,
				205509C825A8AC5600068CF4 /* Frameworks */,
				205509C925A8AC5600068CF4 /* Resources */,
			);
			buildRules = (
			);
			dependencies = (
				205509CD25A8AC5600068CF4 /* PBXTargetDependency */,
			);
			name = "Tests iOS";
			productName = "Tests iOS";
			productReference = 205509CB25A8AC5600068CF4 /* Tests iOS.xctest */;
			productType = "com.apple.product-type.bundle.ui-testing";
		};
		205509D525A8AC5600068CF4 /* Tests macOS */ = {
			isa = PBXNativeTarget;
			buildConfigurationList = 205509EE25A8AC5600068CF4 /* Build configuration list for PBXNativeTarget "Tests macOS" */;
			buildPhases = (
				205509D225A8AC5600068CF4 /* Sources */,
				205509D325A8AC5600068CF4 /* Frameworks */,
				205509D425A8AC5600068CF4 /* Resources */,
			);
			buildRules = (
			);
			dependencies = (
				205509D825A8AC5600068CF4 /* PBXTargetDependency */,
			);
			name = "Tests macOS";
			productName = "Tests macOS";
			productReference = 205509D625A8AC5600068CF4 /* Tests macOS.xctest */;
			productType = "com.apple.product-type.bundle.ui-testing";
		};
/* End PBXNativeTarget section */

/* Begin PBXProject section */
		205509AF25A8AC5400068CF4 /* Project object */ = {
			isa = PBXProject;
			attributes = {
				LastSwiftUpdateCheck = 1220;
				LastUpgradeCheck = 1220;
				TargetAttributes = {
					205509BA25A8AC5600068CF4 = {
						CreatedOnToolsVersion = 12.2;
					};
					205509C225A8AC5600068CF4 = {
						CreatedOnToolsVersion = 12.2;
					};
					205509CA25A8AC5600068CF4 = {
						CreatedOnToolsVersion = 12.2;
						TestTargetID = 205509BA25A8AC5600068CF4;
					};
					205509D525A8AC5600068CF4 = {
						CreatedOnToolsVersion = 12.2;
						TestTargetID = 205509C225A8AC5600068CF4;
					};
				};
			};
			buildConfigurationList = 205509B225A8AC5400068CF4 /* Build configuration list for PBXProject "DanDanPlay" */;
			compatibilityVersion = "Xcode 9.3";
			developmentRegion = en;
			hasScannedForEncodings = 0;
			knownRegions = (
				en,
				Base,
			);
			mainGroup = 205509AE25A8AC5400068CF4;
			productRefGroup = 205509BC25A8AC5600068CF4 /* Products */;
			projectDirPath = "";
			projectRoot = "";
			targets = (
				205509BA25A8AC5600068CF4 /* DanDanPlay (iOS) */,
				205509C225A8AC5600068CF4 /* DanDanPlay (macOS) */,
				205509CA25A8AC5600068CF4 /* Tests iOS */,
				205509D525A8AC5600068CF4 /* Tests macOS */,
			);
		};
/* End PBXProject section */

/* Begin PBXResourcesBuildPhase section */
		205509B925A8AC5600068CF4 /* Resources */ = {
			isa = PBXResourcesBuildPhase;
			buildActionMask = 2147483647;
			files = (
				205509E125A8AC5600068CF4 /* Assets.xcassets in Resources */,
			);
			runOnlyForDeploymentPostprocessing = 0;
		};
		205509C125A8AC5600068CF4 /* Resources */ = {
			isa = PBXResourcesBuildPhase;
			buildActionMask = 2147483647;
			files = (
				205509E225A8AC5600068CF4 /* Assets.xcassets in Resources */,
			);
			runOnlyForDeploymentPostprocessing = 0;
		};
		205509C925A8AC5600068CF4 /* Resources */ = {
			isa = PBXResourcesBuildPhase;
			buildActionMask = 2147483647;
			files = (
			);
			runOnlyForDeploymentPostprocessing = 0;
		};
		205509D425A8AC5600068CF4 /* Resources */ = {
			isa = PBXResourcesBuildPhase;
			buildActionMask = 2147483647;
			files = (
			);
			runOnlyForDeploymentPostprocessing = 0;
		};
/* End PBXResourcesBuildPhase section */

/* Begin PBXSourcesBuildPhase section */
		205509B725A8AC5600068CF4 /* Sources */ = {
			isa = PBXSourcesBuildPhase;
			buildActionMask = 2147483647;
			files = (
				205509DF25A8AC5600068CF4 /* ContentView.swift in Sources */,
				205509DD25A8AC5600068CF4 /* DanDanPlayApp.swift in Sources */,
			);
			runOnlyForDeploymentPostprocessing = 0;
		};
		205509BF25A8AC5600068CF4 /* Sources */ = {
			isa = PBXSourcesBuildPhase;
			buildActionMask = 2147483647;
			files = (
				205509E025A8AC5600068CF4 /* ContentView.swift in Sources */,
				205509DE25A8AC5600068CF4 /* DanDanPlayApp.swift in Sources */,
			);
			runOnlyForDeploymentPostprocessing = 0;
		};
		205509C725A8AC5600068CF4 /* Sources */ = {
			isa = PBXSourcesBuildPhase;
			buildActionMask = 2147483647;
			files = (
				205509D025A8AC5600068CF4 /* Tests_iOS.swift in Sources */,
			);
			runOnlyForDeploymentPostprocessing = 0;
		};
		205509D225A8AC5600068CF4 /* Sources */ = {
			isa = PBXSourcesBuildPhase;
			buildActionMask = 2147483647;
			files = (
				205509DB25A8AC5600068CF4 /* Tests_macOS.swift in Sources */,
			);
			runOnlyForDeploymentPostprocessing = 0;
		};
/* End PBXSourcesBuildPhase section */

/* Begin PBXTargetDependency section */
		205509CD25A8AC5600068CF4 /* PBXTargetDependency */ = {
			isa = PBXTargetDependency;
			target = 205509BA25A8AC5600068CF4 /* DanDanPlay (iOS) */;
			targetProxy = 205509CC25A8AC5600068CF4 /* PBXContainerItemProxy */;
		};
		205509D825A8AC5600068CF4 /* PBXTargetDependency */ = {
			isa = PBXTargetDependency;
			target = 205509C225A8AC5600068CF4 /* DanDanPlay (macOS) */;
			targetProxy = 205509D725A8AC5600068CF4 /* PBXContainerItemProxy */;
		};
/* End PBXTargetDependency section */

/* Begin XCBuildConfiguration section */
		205509E325A8AC5600068CF4 /* Debug */ = {
			isa = XCBuildConfiguration;
			buildSettings = {
				ALWAYS_SEARCH_USER_PATHS = NO;
				CLANG_ANALYZER_NONNULL = YES;
				CLANG_ANALYZER_NUMBER_OBJECT_CONVERSION = YES_AGGRESSIVE;
				CLANG_CXX_LANGUAGE_STANDARD = "gnu++14";
				CLANG_CXX_LIBRARY = "libc++";
				CLANG_ENABLE_MODULES = YES;
				CLANG_ENABLE_OBJC_ARC = YES;
				CLANG_ENABLE_OBJC_WEAK = YES;
				CLANG_WARN_BLOCK_CAPTURE_AUTORELEASING = YES;
				CLANG_WARN_BOOL_CONVERSION = YES;
				CLANG_WARN_COMMA = YES;
				CLANG_WARN_CONSTANT_CONVERSION = YES;
				CLANG_WARN_DEPRECATED_OBJC_IMPLEMENTATIONS = YES;
				CLANG_WARN_DIRECT_OBJC_ISA_USAGE = YES_ERROR;
				CLANG_WARN_DOCUMENTATION_COMMENTS = YES;
				CLANG_WARN_EMPTY_BODY = YES;
				CLANG_WARN_ENUM_CONVERSION = YES;
				CLANG_WARN_INFINITE_RECURSION = YES;
				CLANG_WARN_INT_CONVERSION = YES;
				CLANG_WARN_NON_LITERAL_NULL_CONVERSION = YES;
				CLANG_WARN_OBJC_IMPLICIT_RETAIN_SELF = YES;
				CLANG_WARN_OBJC_LITERAL_CONVERSION = YES;
				CLANG_WARN_OBJC_ROOT_CLASS = YES_ERROR;
				CLANG_WARN_QUOTED_INCLUDE_IN_FRAMEWORK_HEADER = YES;
				CLANG_WARN_RANGE_LOOP_ANALYSIS = YES;
				CLANG_WARN_STRICT_PROTOTYPES = YES;
				CLANG_WARN_SUSPICIOUS_MOVE = YES;
				CLANG_WARN_UNGUARDED_AVAILABILITY = YES_AGGRESSIVE;
				CLANG_WARN_UNREACHABLE_CODE = YES;
				CLANG_WARN__DUPLICATE_METHOD_MATCH = YES;
				COPY_PHASE_STRIP = NO;
				DEBUG_INFORMATION_FORMAT = dwarf;
				ENABLE_STRICT_OBJC_MSGSEND = YES;
				ENABLE_TESTABILITY = YES;
				GCC_C_LANGUAGE_STANDARD = gnu11;
				GCC_DYNAMIC_NO_PIC = NO;
				GCC_NO_COMMON_BLOCKS = YES;
				GCC_OPTIMIZATION_LEVEL = 0;
				GCC_PREPROCESSOR_DEFINITIONS = (
					"DEBUG=1",
					"$(inherited)",
				);
				GCC_WARN_64_TO_32_BIT_CONVERSION = YES;
				GCC_WARN_ABOUT_RETURN_TYPE = YES_ERROR;
				GCC_WARN_UNDECLARED_SELECTOR = YES;
				GCC_WARN_UNINITIALIZED_AUTOS = YES_AGGRESSIVE;
				GCC_WARN_UNUSED_FUNCTION = YES;
				GCC_WARN_UNUSED_VARIABLE = YES;
				MTL_ENABLE_DEBUG_INFO = INCLUDE_SOURCE;
				MTL_FAST_MATH = YES;
				ONLY_ACTIVE_ARCH = YES;
				SWIFT_ACTIVE_COMPILATION_CONDITIONS = DEBUG;
				SWIFT_OPTIMIZATION_LEVEL = "-Onone";
			};
			name = Debug;
		};
		205509E425A8AC5600068CF4 /* Release */ = {
			isa = XCBuildConfiguration;
			buildSettings = {
				ALWAYS_SEARCH_USER_PATHS = NO;
				CLANG_ANALYZER_NONNULL = YES;
				CLANG_ANALYZER_NUMBER_OBJECT_CONVERSION = YES_AGGRESSIVE;
				CLANG_CXX_LANGUAGE_STANDARD = "gnu++14";
				CLANG_CXX_LIBRARY = "libc++";
				CLANG_ENABLE_MODULES = YES;
				CLANG_ENABLE_OBJC_ARC = YES;
				CLANG_ENABLE_OBJC_WEAK = YES;
				CLANG_WARN_BLOCK_CAPTURE_AUTORELEASING = YES;
				CLANG_WARN_BOOL_CONVERSION = YES;
				CLANG_WARN_COMMA = YES;
				CLANG_WARN_CONSTANT_CONVERSION = YES;
				CLANG_WARN_DEPRECATED_OBJC_IMPLEMENTATIONS = YES;
				CLANG_WARN_DIRECT_OBJC_ISA_USAGE = YES_ERROR;
				CLANG_WARN_DOCUMENTATION_COMMENTS = YES;
				CLANG_WARN_EMPTY_BODY = YES;
				CLANG_WARN_ENUM_CONVERSION = YES;
				CLANG_WARN_INFINITE_RECURSION = YES;
				CLANG_WARN_INT_CONVERSION = YES;
				CLANG_WARN_NON_LITERAL_NULL_CONVERSION = YES;
				CLANG_WARN_OBJC_IMPLICIT_RETAIN_SELF = YES;
				CLANG_WARN_OBJC_LITERAL_CONVERSION = YES;
				CLANG_WARN_OBJC_ROOT_CLASS = YES_ERROR;
				CLANG_WARN_QUOTED_INCLUDE_IN_FRAMEWORK_HEADER = YES;
				CLANG_WARN_RANGE_LOOP_ANALYSIS = YES;
				CLANG_WARN_STRICT_PROTOTYPES = YES;
				CLANG_WARN_SUSPICIOUS_MOVE = YES;
				CLANG_WARN_UNGUARDED_AVAILABILITY = YES_AGGRESSIVE;
				CLANG_WARN_UNREACHABLE_CODE = YES;
				CLANG_WARN__DUPLICATE_METHOD_MATCH = YES;
				COPY_PHASE_STRIP = NO;
				DEBUG_INFORMATION_FORMAT = "dwarf-with-dsym";
				ENABLE_NS_ASSERTIONS = NO;
				ENABLE_STRICT_OBJC_MSGSEND = YES;
				GCC_C_LANGUAGE_STANDARD = gnu11;
				GCC_NO_COMMON_BLOCKS = YES;
				GCC_WARN_64_TO_32_BIT_CONVERSION = YES;
				GCC_WARN_ABOUT_RETURN_TYPE = YES_ERROR;
				GCC_WARN_UNDECLARED_SELECTOR = YES;
				GCC_WARN_UNINITIALIZED_AUTOS = YES_AGGRESSIVE;
				GCC_WARN_UNUSED_FUNCTION = YES;
				GCC_WARN_UNUSED_VARIABLE = YES;
				MTL_ENABLE_DEBUG_INFO = NO;
				MTL_FAST_MATH = YES;
				SWIFT_COMPILATION_MODE = wholemodule;
				SWIFT_OPTIMIZATION_LEVEL = "-O";
			};
			name = Release;
		};
		205509E625A8AC5600068CF4 /* Debug */ = {
			isa = XCBuildConfiguration;
			buildSettings = {
				ASSETCATALOG_COMPILER_APPICON_NAME = AppIcon;
				ASSETCATALOG_COMPILER_GLOBAL_ACCENT_COLOR_NAME = AccentColor;
				CODE_SIGN_STYLE = Automatic;
				DEVELOPMENT_TEAM = MM7G949396;
				ENABLE_PREVIEWS = YES;
				INFOPLIST_FILE = iOS/Info.plist;
				IPHONEOS_DEPLOYMENT_TARGET = 14.0;
				LD_RUNPATH_SEARCH_PATHS = (
					"$(inherited)",
					"@executable_path/Frameworks",
				);
				PRODUCT_BUNDLE_IDENTIFIER = edu.sfls.jeffersionqin.dev.DanDanPlay;
				PRODUCT_NAME = DanDanPlay;
				SDKROOT = iphoneos;
				SWIFT_VERSION = 5.0;
				TARGETED_DEVICE_FAMILY = "1,2";
			};
			name = Debug;
		};
		205509E725A8AC5600068CF4 /* Release */ = {
			isa = XCBuildConfiguration;
			buildSettings = {
				ASSETCATALOG_COMPILER_APPICON_NAME = AppIcon;
				ASSETCATALOG_COMPILER_GLOBAL_ACCENT_COLOR_NAME = AccentColor;
				CODE_SIGN_STYLE = Automatic;
				DEVELOPMENT_TEAM = MM7G949396;
				ENABLE_PREVIEWS = YES;
				INFOPLIST_FILE = iOS/Info.plist;
				IPHONEOS_DEPLOYMENT_TARGET = 14.0;
				LD_RUNPATH_SEARCH_PATHS = (
					"$(inherited)",
					"@executable_path/Frameworks",
				);
				PRODUCT_BUNDLE_IDENTIFIER = edu.sfls.jeffersionqin.dev.DanDanPlay;
				PRODUCT_NAME = DanDanPlay;
				SDKROOT = iphoneos;
				SWIFT_VERSION = 5.0;
				TARGETED_DEVICE_FAMILY = "1,2";
				VALIDATE_PRODUCT = YES;
			};
			name = Release;
		};
		205509E925A8AC5600068CF4 /* Debug */ = {
			isa = XCBuildConfiguration;
			buildSettings = {
				ASSETCATALOG_COMPILER_APPICON_NAME = AppIcon;
				ASSETCATALOG_COMPILER_GLOBAL_ACCENT_COLOR_NAME = AccentColor;
				CODE_SIGN_ENTITLEMENTS = macOS/macOS.entitlements;
				CODE_SIGN_STYLE = Automatic;
				COMBINE_HIDPI_IMAGES = YES;
				DEVELOPMENT_TEAM = MM7G949396;
				ENABLE_HARDENED_RUNTIME = YES;
				ENABLE_PREVIEWS = YES;
				INFOPLIST_FILE = macOS/Info.plist;
				LD_RUNPATH_SEARCH_PATHS = (
					"$(inherited)",
					"@executable_path/../Frameworks",
				);
				MACOSX_DEPLOYMENT_TARGET = 11.0;
				PRODUCT_BUNDLE_IDENTIFIER = edu.sfls.jeffersionqin.dev.DanDanPlay;
				PRODUCT_NAME = DanDanPlay;
				SDKROOT = macosx;
				SWIFT_VERSION = 5.0;
			};
			name = Debug;
		};
		205509EA25A8AC5600068CF4 /* Release */ = {
			isa = XCBuildConfiguration;
			buildSettings = {
				ASSETCATALOG_COMPILER_APPICON_NAME = AppIcon;
				ASSETCATALOG_COMPILER_GLOBAL_ACCENT_COLOR_NAME = AccentColor;
				CODE_SIGN_ENTITLEMENTS = macOS/macOS.entitlements;
				CODE_SIGN_STYLE = Automatic;
				COMBINE_HIDPI_IMAGES = YES;
				DEVELOPMENT_TEAM = MM7G949396;
				ENABLE_HARDENED_RUNTIME = YES;
				ENABLE_PREVIEWS = YES;
				INFOPLIST_FILE = macOS/Info.plist;
				LD_RUNPATH_SEARCH_PATHS = (
					"$(inherited)",
					"@executable_path/../Frameworks",
				);
				MACOSX_DEPLOYMENT_TARGET = 11.0;
				PRODUCT_BUNDLE_IDENTIFIER = edu.sfls.jeffersionqin.dev.DanDanPlay;
				PRODUCT_NAME = DanDanPlay;
				SDKROOT = macosx;
				SWIFT_VERSION = 5.0;
			};
			name = Release;
		};
		205509EC25A8AC5600068CF4 /* Debug */ = {
			isa = XCBuildConfiguration;
			buildSettings = {
				ALWAYS_EMBED_SWIFT_STANDARD_LIBRARIES = YES;
				CODE_SIGN_STYLE = Automatic;
				DEVELOPMENT_TEAM = MM7G949396;
				INFOPLIST_FILE = "Tests iOS/Info.plist";
				IPHONEOS_DEPLOYMENT_TARGET = 14.2;
				LD_RUNPATH_SEARCH_PATHS = (
					"$(inherited)",
					"@executable_path/Frameworks",
					"@loader_path/Frameworks",
				);
				PRODUCT_BUNDLE_IDENTIFIER = "edu.sfls.jeffersionqin.dev.Tests-iOS";
				PRODUCT_NAME = "$(TARGET_NAME)";
				SDKROOT = iphoneos;
				SWIFT_VERSION = 5.0;
				TARGETED_DEVICE_FAMILY = "1,2";
				TEST_TARGET_NAME = "DanDanPlay (iOS)";
			};
			name = Debug;
		};
		205509ED25A8AC5600068CF4 /* Release */ = {
			isa = XCBuildConfiguration;
			buildSettings = {
				ALWAYS_EMBED_SWIFT_STANDARD_LIBRARIES = YES;
				CODE_SIGN_STYLE = Automatic;
				DEVELOPMENT_TEAM = MM7G949396;
				INFOPLIST_FILE = "Tests iOS/Info.plist";
				IPHONEOS_DEPLOYMENT_TARGET = 14.2;
				LD_RUNPATH_SEARCH_PATHS = (
					"$(inherited)",
					"@executable_path/Frameworks",
					"@loader_path/Frameworks",
				);
				PRODUCT_BUNDLE_IDENTIFIER = "edu.sfls.jeffersionqin.dev.Tests-iOS";
				PRODUCT_NAME = "$(TARGET_NAME)";
				SDKROOT = iphoneos;
				SWIFT_VERSION = 5.0;
				TARGETED_DEVICE_FAMILY = "1,2";
				TEST_TARGET_NAME = "DanDanPlay (iOS)";
				VALIDATE_PRODUCT = YES;
			};
			name = Release;
		};
		205509EF25A8AC5600068CF4 /* Debug */ = {
			isa = XCBuildConfiguration;
			buildSettings = {
				ALWAYS_EMBED_SWIFT_STANDARD_LIBRARIES = YES;
				CODE_SIGN_STYLE = Automatic;
				COMBINE_HIDPI_IMAGES = YES;
				DEVELOPMENT_TEAM = MM7G949396;
				INFOPLIST_FILE = "Tests macOS/Info.plist";
				LD_RUNPATH_SEARCH_PATHS = (
					"$(inherited)",
					"@executable_path/../Frameworks",
					"@loader_path/../Frameworks",
				);
				MACOSX_DEPLOYMENT_TARGET = 11.0;
				PRODUCT_BUNDLE_IDENTIFIER = "edu.sfls.jeffersionqin.dev.Tests-macOS";
				PRODUCT_NAME = "$(TARGET_NAME)";
				SDKROOT = macosx;
				SWIFT_VERSION = 5.0;
				TEST_TARGET_NAME = "DanDanPlay (macOS)";
			};
			name = Debug;
		};
		205509F025A8AC5600068CF4 /* Release */ = {
			isa = XCBuildConfiguration;
			buildSettings = {
				ALWAYS_EMBED_SWIFT_STANDARD_LIBRARIES = YES;
				CODE_SIGN_STYLE = Automatic;
				COMBINE_HIDPI_IMAGES = YES;
				DEVELOPMENT_TEAM = MM7G949396;
				INFOPLIST_FILE = "Tests macOS/Info.plist";
				LD_RUNPATH_SEARCH_PATHS = (
					"$(inherited)",
					"@executable_path/../Frameworks",
					"@loader_path/../Frameworks",
				);
				MACOSX_DEPLOYMENT_TARGET = 11.0;
				PRODUCT_BUNDLE_IDENTIFIER = "edu.sfls.jeffersionqin.dev.Tests-macOS";
				PRODUCT_NAME = "$(TARGET_NAME)";
				SDKROOT = macosx;
				SWIFT_VERSION = 5.0;
				TEST_TARGET_NAME = "DanDanPlay (macOS)";
			};
			name = Release;
		};
/* End XCBuildConfiguration section */

/* Begin XCConfigurationList section */
		205509B225A8AC5400068CF4 /* Build configuration list for PBXProject "DanDanPlay" */ = {
			isa = XCConfigurationList;
			buildConfigurations = (
				205509E325A8AC5600068CF4 /* Debug */,
				205509E425A8AC5600068CF4 /* Release */,
			);
			defaultConfigurationIsVisible = 0;
			defaultConfigurationName = Release;
		};
		205509E525A8AC5600068CF4 /* Build configuration list for PBXNativeTarget "DanDanPlay (iOS)" */ = {
			isa = XCConfigurationList;
			buildConfigurations = (
				205509E625A8AC5600068CF4 /* Debug */,
				205509E725A8AC5600068CF4 /* Release */,
			);
			defaultConfigurationIsVisible = 0;
			defaultConfigurationName = Release;
		};
		205509E825A8AC5600068CF4 /* Build configuration list for PBXNativeTarget "DanDanPlay (macOS)" */ = {
			isa = XCConfigurationList;
			buildConfigurations = (
				205509E925A8AC5600068CF4 /* Debug */,
				205509EA25A8AC5600068CF4 /* Release */,
			);
			defaultConfigurationIsVisible = 0;
			defaultConfigurationName = Release;
		};
		205509EB25A8AC5600068CF4 /* Build configuration list for PBXNativeTarget "Tests iOS" */ = {
			isa = XCConfigurationList;
			buildConfigurations = (
				205509EC25A8AC5600068CF4 /* Debug */,
				205509ED25A8AC5600068CF4 /* Release */,
			);
			defaultConfigurationIsVisible = 0;
			defaultConfigurationName = Release;
		};
		205509EE25A8AC5600068CF4 /* Build configuration list for PBXNativeTarget "Tests macOS" */ = {
			isa = XCConfigurationList;
			buildConfigurations = (
				205509EF25A8AC5600068CF4 /* Debug */,
				205509F025A8AC5600068CF4 /* Release */,
			);
			defaultConfigurationIsVisible = 0;
			defaultConfigurationName = Release;
		};
/* End XCConfigurationList section */
	};
	rootObject = 205509AF25A8AC5400068CF4 /* Project object */;
}
